// !$*UTF8*$!
{
	archiveVersion = 1;
	classes = {
	};
	objectVersion = 50;
	objects = {

/* Begin PBXBuildFile section */
		C02B356021287A1D009D93E9 /* MainContainer.swift in Sources */ = {isa = PBXBuildFile; fileRef = C02B355F21287A1D009D93E9 /* MainContainer.swift */; };
		C02B356221287FAF009D93E9 /* UsersController.swift in Sources */ = {isa = PBXBuildFile; fileRef = C02B356121287FAF009D93E9 /* UsersController.swift */; };
		C02B356421287FDD009D93E9 /* User.swift in Sources */ = {isa = PBXBuildFile; fileRef = C02B356321287FDD009D93E9 /* User.swift */; };
		C02B356621288177009D93E9 /* UserListViewController.swift in Sources */ = {isa = PBXBuildFile; fileRef = C02B356521288177009D93E9 /* UserListViewController.swift */; };
		C02B356B21288609009D93E9 /* URLSessionExtension.swift in Sources */ = {isa = PBXBuildFile; fileRef = C02B356A21288609009D93E9 /* URLSessionExtension.swift */; };
		C02B356D2128865A009D93E9 /* URLRequestExtension.swift in Sources */ = {isa = PBXBuildFile; fileRef = C02B356C2128865A009D93E9 /* URLRequestExtension.swift */; };
		C02B3571212889C6009D93E9 /* Swinject.framework in Frameworks */ = {isa = PBXBuildFile; fileRef = C02B356E212889C6009D93E9 /* Swinject.framework */; };
		C02B3572212889C6009D93E9 /* PromiseKit.framework in Frameworks */ = {isa = PBXBuildFile; fileRef = C02B356F212889C6009D93E9 /* PromiseKit.framework */; };
		C02B3573212889C6009D93E9 /* SwinjectStoryboard.framework in Frameworks */ = {isa = PBXBuildFile; fileRef = C02B3570212889C6009D93E9 /* SwinjectStoryboard.framework */; };
		C02B357621289A18009D93E9 /* UserTableViewCell.swift in Sources */ = {isa = PBXBuildFile; fileRef = C02B357421289A18009D93E9 /* UserTableViewCell.swift */; };
		C02B357721289A18009D93E9 /* UserTableViewCell.xib in Resources */ = {isa = PBXBuildFile; fileRef = C02B357521289A18009D93E9 /* UserTableViewCell.xib */; };
		C02B357A2128A2BF009D93E9 /* Mocks.generated.swift in Sources */ = {isa = PBXBuildFile; fileRef = C02B35792128A2BF009D93E9 /* Mocks.generated.swift */; };
		C02B357B21296327009D93E9 /* PromiseKit.framework in Frameworks */ = {isa = PBXBuildFile; fileRef = C02B356F212889C6009D93E9 /* PromiseKit.framework */; };
		C02B357D21296510009D93E9 /* SpecificUserController.swift in Sources */ = {isa = PBXBuildFile; fileRef = C02B357C21296510009D93E9 /* SpecificUserController.swift */; };
		C02B357F212967C5009D93E9 /* DependencyInjection.generated.swift in Sources */ = {isa = PBXBuildFile; fileRef = C02B357E212967C5009D93E9 /* DependencyInjection.generated.swift */; };
		C02B35812129699C009D93E9 /* UserDetailsViewController.swift in Sources */ = {isa = PBXBuildFile; fileRef = C02B35802129699C009D93E9 /* UserDetailsViewController.swift */; };
		C02B3583212973EC009D93E9 /* UserCardView.swift in Sources */ = {isa = PBXBuildFile; fileRef = C02B3582212973EC009D93E9 /* UserCardView.swift */; };
		C02B3585212973FD009D93E9 /* UserCardView.xib in Resources */ = {isa = PBXBuildFile; fileRef = C02B3584212973FD009D93E9 /* UserCardView.xib */; };
		C02B3587212977C0009D93E9 /* SnapKit.framework in Frameworks */ = {isa = PBXBuildFile; fileRef = C02B3586212977BF009D93E9 /* SnapKit.framework */; };
		C08300DB20D54E86000F51DE /* AppDelegate.swift in Sources */ = {isa = PBXBuildFile; fileRef = C08300DA20D54E86000F51DE /* AppDelegate.swift */; };
		C08300E020D54E86000F51DE /* Main.storyboard in Resources */ = {isa = PBXBuildFile; fileRef = C08300DE20D54E86000F51DE /* Main.storyboard */; };
		C08300E220D54E87000F51DE /* Assets.xcassets in Resources */ = {isa = PBXBuildFile; fileRef = C08300E120D54E87000F51DE /* Assets.xcassets */; };
		C08300E520D54E87000F51DE /* LaunchScreen.storyboard in Resources */ = {isa = PBXBuildFile; fileRef = C08300E320D54E87000F51DE /* LaunchScreen.storyboard */; };
		C08300F020D54E87000F51DE /* SourceryTestsTests.swift in Sources */ = {isa = PBXBuildFile; fileRef = C08300EF20D54E87000F51DE /* SourceryTestsTests.swift */; };
		C08300FD20D550BD000F51DE /* Rswift.framework in Frameworks */ = {isa = PBXBuildFile; fileRef = C08300FC20D550BD000F51DE /* Rswift.framework */; };
		C083010020D551EA000F51DE /* R.generated.swift in Sources */ = {isa = PBXBuildFile; fileRef = C08300FF20D551EA000F51DE /* R.generated.swift */; };
		C083010220D5520A000F51DE /* LoginView.swift in Sources */ = {isa = PBXBuildFile; fileRef = C083010120D5520A000F51DE /* LoginView.swift */; };
		C083010420D55218000F51DE /* LoginView.xib in Resources */ = {isa = PBXBuildFile; fileRef = C083010320D55218000F51DE /* LoginView.xib */; };
		C083010620D558E5000F51DE /* LoginViewTests.swift in Sources */ = {isa = PBXBuildFile; fileRef = C083010520D558E5000F51DE /* LoginViewTests.swift */; };
		C083010920D55E06000F51DE /* RNibTests.generated.swift in Sources */ = {isa = PBXBuildFile; fileRef = C083010820D55E05000F51DE /* RNibTests.generated.swift */; };
/* End PBXBuildFile section */

/* Begin PBXContainerItemProxy section */
		C08300EC20D54E87000F51DE /* PBXContainerItemProxy */ = {
			isa = PBXContainerItemProxy;
			containerPortal = C08300CF20D54E86000F51DE /* Project object */;
			proxyType = 1;
			remoteGlobalIDString = C08300D620D54E86000F51DE;
			remoteInfo = SourceryTests;
		};
/* End PBXContainerItemProxy section */

/* Begin PBXFileReference section */
		C02B355F21287A1D009D93E9 /* MainContainer.swift */ = {isa = PBXFileReference; lastKnownFileType = sourcecode.swift; path = MainContainer.swift; sourceTree = "<group>"; };
		C02B356121287FAF009D93E9 /* UsersController.swift */ = {isa = PBXFileReference; lastKnownFileType = sourcecode.swift; path = UsersController.swift; sourceTree = "<group>"; };
		C02B356321287FDD009D93E9 /* User.swift */ = {isa = PBXFileReference; lastKnownFileType = sourcecode.swift; path = User.swift; sourceTree = "<group>"; };
		C02B356521288177009D93E9 /* UserListViewController.swift */ = {isa = PBXFileReference; lastKnownFileType = sourcecode.swift; path = UserListViewController.swift; sourceTree = "<group>"; };
		C02B356A21288609009D93E9 /* URLSessionExtension.swift */ = {isa = PBXFileReference; fileEncoding = 4; lastKnownFileType = sourcecode.swift; path = URLSessionExtension.swift; sourceTree = "<group>"; };
		C02B356C2128865A009D93E9 /* URLRequestExtension.swift */ = {isa = PBXFileReference; fileEncoding = 4; lastKnownFileType = sourcecode.swift; path = URLRequestExtension.swift; sourceTree = "<group>"; };
		C02B356E212889C6009D93E9 /* Swinject.framework */ = {isa = PBXFileReference; lastKnownFileType = wrapper.framework; name = Swinject.framework; path = Carthage/Build/iOS/Swinject.framework; sourceTree = "<group>"; };
		C02B356F212889C6009D93E9 /* PromiseKit.framework */ = {isa = PBXFileReference; lastKnownFileType = wrapper.framework; name = PromiseKit.framework; path = Carthage/Build/iOS/PromiseKit.framework; sourceTree = "<group>"; };
		C02B3570212889C6009D93E9 /* SwinjectStoryboard.framework */ = {isa = PBXFileReference; lastKnownFileType = wrapper.framework; name = SwinjectStoryboard.framework; path = Carthage/Build/iOS/SwinjectStoryboard.framework; sourceTree = "<group>"; };
		C02B357421289A18009D93E9 /* UserTableViewCell.swift */ = {isa = PBXFileReference; lastKnownFileType = sourcecode.swift; path = UserTableViewCell.swift; sourceTree = "<group>"; };
		C02B357521289A18009D93E9 /* UserTableViewCell.xib */ = {isa = PBXFileReference; lastKnownFileType = file.xib; path = UserTableViewCell.xib; sourceTree = "<group>"; };
		C02B35792128A2BF009D93E9 /* Mocks.generated.swift */ = {isa = PBXFileReference; fileEncoding = 4; lastKnownFileType = sourcecode.swift; name = Mocks.generated.swift; path = SourceryTests/GeneratedTests/Mocks.generated.swift; sourceTree = SOURCE_ROOT; };
		C02B357C21296510009D93E9 /* SpecificUserController.swift */ = {isa = PBXFileReference; lastKnownFileType = sourcecode.swift; path = SpecificUserController.swift; sourceTree = "<group>"; };
		C02B357E212967C5009D93E9 /* DependencyInjection.generated.swift */ = {isa = PBXFileReference; fileEncoding = 4; lastKnownFileType = sourcecode.swift; name = DependencyInjection.generated.swift; path = GeneratedTests/DependencyInjection.generated.swift; sourceTree = "<group>"; };
		C02B35802129699C009D93E9 /* UserDetailsViewController.swift */ = {isa = PBXFileReference; lastKnownFileType = sourcecode.swift; path = UserDetailsViewController.swift; sourceTree = "<group>"; };
		C02B3582212973EC009D93E9 /* UserCardView.swift */ = {isa = PBXFileReference; lastKnownFileType = sourcecode.swift; path = UserCardView.swift; sourceTree = "<group>"; };
		C02B3584212973FD009D93E9 /* UserCardView.xib */ = {isa = PBXFileReference; lastKnownFileType = file.xib; path = UserCardView.xib; sourceTree = "<group>"; };
		C02B3586212977BF009D93E9 /* SnapKit.framework */ = {isa = PBXFileReference; lastKnownFileType = wrapper.framework; name = SnapKit.framework; path = Carthage/Build/iOS/SnapKit.framework; sourceTree = "<group>"; };
		C08300D720D54E86000F51DE /* SourceryTests.app */ = {isa = PBXFileReference; explicitFileType = wrapper.application; includeInIndex = 0; path = SourceryTests.app; sourceTree = BUILT_PRODUCTS_DIR; };
		C08300DA20D54E86000F51DE /* AppDelegate.swift */ = {isa = PBXFileReference; lastKnownFileType = sourcecode.swift; path = AppDelegate.swift; sourceTree = "<group>"; };
		C08300DF20D54E86000F51DE /* Base */ = {isa = PBXFileReference; lastKnownFileType = file.storyboard; name = Base; path = Base.lproj/Main.storyboard; sourceTree = "<group>"; };
		C08300E120D54E87000F51DE /* Assets.xcassets */ = {isa = PBXFileReference; lastKnownFileType = folder.assetcatalog; path = Assets.xcassets; sourceTree = "<group>"; };
		C08300E420D54E87000F51DE /* Base */ = {isa = PBXFileReference; lastKnownFileType = file.storyboard; name = Base; path = Base.lproj/LaunchScreen.storyboard; sourceTree = "<group>"; };
		C08300E620D54E87000F51DE /* Info.plist */ = {isa = PBXFileReference; lastKnownFileType = text.plist.xml; path = Info.plist; sourceTree = "<group>"; };
		C08300EB20D54E87000F51DE /* SourceryTestsTests.xctest */ = {isa = PBXFileReference; explicitFileType = wrapper.cfbundle; includeInIndex = 0; path = SourceryTestsTests.xctest; sourceTree = BUILT_PRODUCTS_DIR; };
		C08300EF20D54E87000F51DE /* SourceryTestsTests.swift */ = {isa = PBXFileReference; lastKnownFileType = sourcecode.swift; path = SourceryTestsTests.swift; sourceTree = "<group>"; };
		C08300F120D54E87000F51DE /* Info.plist */ = {isa = PBXFileReference; lastKnownFileType = text.plist.xml; path = Info.plist; sourceTree = "<group>"; };
		C08300FC20D550BD000F51DE /* Rswift.framework */ = {isa = PBXFileReference; lastKnownFileType = wrapper.framework; name = Rswift.framework; path = Carthage/Build/iOS/Rswift.framework; sourceTree = "<group>"; };
		C08300FF20D551EA000F51DE /* R.generated.swift */ = {isa = PBXFileReference; fileEncoding = 4; lastKnownFileType = sourcecode.swift; path = R.generated.swift; sourceTree = "<group>"; };
		C083010120D5520A000F51DE /* LoginView.swift */ = {isa = PBXFileReference; lastKnownFileType = sourcecode.swift; path = LoginView.swift; sourceTree = "<group>"; };
		C083010320D55218000F51DE /* LoginView.xib */ = {isa = PBXFileReference; lastKnownFileType = file.xib; path = LoginView.xib; sourceTree = "<group>"; };
		C083010520D558E5000F51DE /* LoginViewTests.swift */ = {isa = PBXFileReference; lastKnownFileType = sourcecode.swift; path = LoginViewTests.swift; sourceTree = "<group>"; };
		C083010820D55E05000F51DE /* RNibTests.generated.swift */ = {isa = PBXFileReference; fileEncoding = 4; lastKnownFileType = sourcecode.swift; name = RNibTests.generated.swift; path = SourceryTests/GeneratedTests/RNibTests.generated.swift; sourceTree = SOURCE_ROOT; };
/* End PBXFileReference section */

/* Begin PBXFrameworksBuildPhase section */
		C08300D420D54E86000F51DE /* Frameworks */ = {
			isa = PBXFrameworksBuildPhase;
			buildActionMask = 2147483647;
			files = (
				C02B3573212889C6009D93E9 /* SwinjectStoryboard.framework in Frameworks */,
				C02B3572212889C6009D93E9 /* PromiseKit.framework in Frameworks */,
				C08300FD20D550BD000F51DE /* Rswift.framework in Frameworks */,
				C02B3571212889C6009D93E9 /* Swinject.framework in Frameworks */,
				C02B3587212977C0009D93E9 /* SnapKit.framework in Frameworks */,
			);
			runOnlyForDeploymentPostprocessing = 0;
		};
		C08300E820D54E87000F51DE /* Frameworks */ = {
			isa = PBXFrameworksBuildPhase;
			buildActionMask = 2147483647;
			files = (
				C02B357B21296327009D93E9 /* PromiseKit.framework in Frameworks */,
			);
			runOnlyForDeploymentPostprocessing = 0;
		};
/* End PBXFrameworksBuildPhase section */

/* Begin PBXGroup section */
		C02B356821288576009D93E9 /* service */ = {
			isa = PBXGroup;
			children = (
				C02B356C2128865A009D93E9 /* URLRequestExtension.swift */,
				C02B356A21288609009D93E9 /* URLSessionExtension.swift */,
				C02B356321287FDD009D93E9 /* User.swift */,
				C02B356121287FAF009D93E9 /* UsersController.swift */,
				C02B357C21296510009D93E9 /* SpecificUserController.swift */,
			);
			path = service;
			sourceTree = "<group>";
		};
		C02B35692128858C009D93E9 /* ui */ = {
			isa = PBXGroup;
			children = (
				C02B356521288177009D93E9 /* UserListViewController.swift */,
				C083010120D5520A000F51DE /* LoginView.swift */,
				C02B357421289A18009D93E9 /* UserTableViewCell.swift */,
				C02B357521289A18009D93E9 /* UserTableViewCell.xib */,
				C02B35802129699C009D93E9 /* UserDetailsViewController.swift */,
				C02B3582212973EC009D93E9 /* UserCardView.swift */,
				C02B3584212973FD009D93E9 /* UserCardView.xib */,
			);
			path = ui;
			sourceTree = "<group>";
		};
		C08300CE20D54E86000F51DE = {
			isa = PBXGroup;
			children = (
				C08300D920D54E86000F51DE /* SourceryTests */,
				C08300EE20D54E87000F51DE /* SourceryTestsTests */,
				C08300D820D54E86000F51DE /* Products */,
				C08300FB20D550BC000F51DE /* Frameworks */,
			);
			sourceTree = "<group>";
		};
		C08300D820D54E86000F51DE /* Products */ = {
			isa = PBXGroup;
			children = (
				C08300D720D54E86000F51DE /* SourceryTests.app */,
				C08300EB20D54E87000F51DE /* SourceryTestsTests.xctest */,
			);
			name = Products;
			sourceTree = "<group>";
		};
		C08300D920D54E86000F51DE /* SourceryTests */ = {
			isa = PBXGroup;
			children = (
				C02B357E212967C5009D93E9 /* DependencyInjection.generated.swift */,
				C02B35692128858C009D93E9 /* ui */,
				C02B356821288576009D93E9 /* service */,
				C08300FF20D551EA000F51DE /* R.generated.swift */,
				C08300DA20D54E86000F51DE /* AppDelegate.swift */,
				C08300DE20D54E86000F51DE /* Main.storyboard */,
				C08300E120D54E87000F51DE /* Assets.xcassets */,
				C08300E320D54E87000F51DE /* LaunchScreen.storyboard */,
				C08300E620D54E87000F51DE /* Info.plist */,
				C083010320D55218000F51DE /* LoginView.xib */,
				C02B355F21287A1D009D93E9 /* MainContainer.swift */,
			);
			path = SourceryTests;
			sourceTree = "<group>";
		};
		C08300EE20D54E87000F51DE /* SourceryTestsTests */ = {
			isa = PBXGroup;
			children = (
				C02B35792128A2BF009D93E9 /* Mocks.generated.swift */,
				C083010820D55E05000F51DE /* RNibTests.generated.swift */,
				C08300EF20D54E87000F51DE /* SourceryTestsTests.swift */,
				C08300F120D54E87000F51DE /* Info.plist */,
				C083010520D558E5000F51DE /* LoginViewTests.swift */,
			);
			path = SourceryTestsTests;
			sourceTree = "<group>";
		};
		C08300FB20D550BC000F51DE /* Frameworks */ = {
			isa = PBXGroup;
			children = (
				C02B3586212977BF009D93E9 /* SnapKit.framework */,
				C02B356F212889C6009D93E9 /* PromiseKit.framework */,
				C02B356E212889C6009D93E9 /* Swinject.framework */,
				C02B3570212889C6009D93E9 /* SwinjectStoryboard.framework */,
				C08300FC20D550BD000F51DE /* Rswift.framework */,
			);
			name = Frameworks;
			sourceTree = "<group>";
		};
/* End PBXGroup section */

/* Begin PBXNativeTarget section */
		C08300D620D54E86000F51DE /* SourceryTests */ = {
			isa = PBXNativeTarget;
			buildConfigurationList = C08300F420D54E87000F51DE /* Build configuration list for PBXNativeTarget "SourceryTests" */;
			buildPhases = (
				C08300FA20D5500B000F51DE /* R */,
				C02B355A212879B3009D93E9 /* Sourcery */,
				C08300D320D54E86000F51DE /* Sources */,
				C08300D420D54E86000F51DE /* Frameworks */,
				C08300D520D54E86000F51DE /* Resources */,
				C08300FE20D550E0000F51DE /* Carthage */,
			);
			buildRules = (
			);
			dependencies = (
			);
			name = SourceryTests;
			productName = SourceryTests;
			productReference = C08300D720D54E86000F51DE /* SourceryTests.app */;
			productType = "com.apple.product-type.application";
		};
		C08300EA20D54E87000F51DE /* SourceryTestsTests */ = {
			isa = PBXNativeTarget;
			buildConfigurationList = C08300F720D54E87000F51DE /* Build configuration list for PBXNativeTarget "SourceryTestsTests" */;
			buildPhases = (
				C083010720D55CF6000F51DE /* ShellScript */,
				C08300E720D54E87000F51DE /* Sources */,
				C08300E820D54E87000F51DE /* Frameworks */,
				C08300E920D54E87000F51DE /* Resources */,
				C02B35782128A101009D93E9 /* Carthage */,
			);
			buildRules = (
			);
			dependencies = (
				C08300ED20D54E87000F51DE /* PBXTargetDependency */,
			);
			name = SourceryTestsTests;
			productName = SourceryTestsTests;
			productReference = C08300EB20D54E87000F51DE /* SourceryTestsTests.xctest */;
			productType = "com.apple.product-type.bundle.unit-test";
		};
/* End PBXNativeTarget section */

/* Begin PBXProject section */
		C08300CF20D54E86000F51DE /* Project object */ = {
			isa = PBXProject;
			attributes = {
				LastSwiftUpdateCheck = 0940;
				LastUpgradeCheck = 0940;
				ORGANIZATIONNAME = "Vladyslav Zavalykhatko";
				TargetAttributes = {
					C08300D620D54E86000F51DE = {
						CreatedOnToolsVersion = 9.4;
					};
					C08300EA20D54E87000F51DE = {
						CreatedOnToolsVersion = 9.4;
						TestTargetID = C08300D620D54E86000F51DE;
					};
				};
			};
			buildConfigurationList = C08300D220D54E86000F51DE /* Build configuration list for PBXProject "SourceryTests" */;
			compatibilityVersion = "Xcode 9.3";
			developmentRegion = en;
			hasScannedForEncodings = 0;
			knownRegions = (
				en,
				Base,
			);
			mainGroup = C08300CE20D54E86000F51DE;
			productRefGroup = C08300D820D54E86000F51DE /* Products */;
			projectDirPath = "";
			projectRoot = "";
			targets = (
				C08300D620D54E86000F51DE /* SourceryTests */,
				C08300EA20D54E87000F51DE /* SourceryTestsTests */,
			);
		};
/* End PBXProject section */

/* Begin PBXResourcesBuildPhase section */
		C08300D520D54E86000F51DE /* Resources */ = {
			isa = PBXResourcesBuildPhase;
			buildActionMask = 2147483647;
			files = (
				C08300E520D54E87000F51DE /* LaunchScreen.storyboard in Resources */,
				C08300E220D54E87000F51DE /* Assets.xcassets in Resources */,
				C083010420D55218000F51DE /* LoginView.xib in Resources */,
				C08300E020D54E86000F51DE /* Main.storyboard in Resources */,
				C02B357721289A18009D93E9 /* UserTableViewCell.xib in Resources */,
				C02B3585212973FD009D93E9 /* UserCardView.xib in Resources */,
			);
			runOnlyForDeploymentPostprocessing = 0;
		};
		C08300E920D54E87000F51DE /* Resources */ = {
			isa = PBXResourcesBuildPhase;
			buildActionMask = 2147483647;
			files = (
			);
			runOnlyForDeploymentPostprocessing = 0;
		};
/* End PBXResourcesBuildPhase section */

/* Begin PBXShellScriptBuildPhase section */
		C02B355A212879B3009D93E9 /* Sourcery */ = {
			isa = PBXShellScriptBuildPhase;
			buildActionMask = 2147483647;
			files = (
			);
			inputPaths = (
			);
			name = Sourcery;
			outputPaths = (
			);
			runOnlyForDeploymentPostprocessing = 0;
			shellPath = /bin/sh;
			shellScript = "./Libs/sourcery --config ./sourcery/tests";
		};
		C02B35782128A101009D93E9 /* Carthage */ = {
			isa = PBXShellScriptBuildPhase;
			buildActionMask = 2147483647;
			files = (
			);
			inputPaths = (
			);
			name = Carthage;
			outputPaths = (
			);
			runOnlyForDeploymentPostprocessing = 0;
			shellPath = /bin/sh;
			shellScript = "/usr/local/bin/carthage copy-frameworks";
		};
		C08300FA20D5500B000F51DE /* R */ = {
			isa = PBXShellScriptBuildPhase;
			buildActionMask = 2147483647;
			files = (
			);
			inputPaths = (
			);
			name = R;
			outputPaths = (
			);
			runOnlyForDeploymentPostprocessing = 0;
			shellPath = /bin/sh;
			shellScript = "\"${PROJECT_DIR}/Libs/rswift\" generate \"$SRCROOT/SourceryTests\"";
		};
		C08300FE20D550E0000F51DE /* Carthage */ = {
			isa = PBXShellScriptBuildPhase;
			buildActionMask = 2147483647;
			files = (
			);
			inputPaths = (
				"$(SRCROOT)/Carthage/Build/iOS/Rswift.framework",
				"$(SRCROOT)/Carthage/Build/iOS/PromiseKit.framework",
				"$(SRCROOT)/Carthage/Build/iOS/Swinject.framework",
				"$(SRCROOT)/Carthage/Build/iOS/SwinjectStoryboard.framework",
				"$(SRCROOT)/Carthage/Build/iOS/SnapKit.framework",
			);
			name = Carthage;
			outputPaths = (
			);
			runOnlyForDeploymentPostprocessing = 0;
			shellPath = /bin/sh;
			shellScript = "/usr/local/bin/carthage copy-frameworks";
		};
		C083010720D55CF6000F51DE /* ShellScript */ = {
			isa = PBXShellScriptBuildPhase;
			buildActionMask = 2147483647;
			files = (
			);
			inputPaths = (
			);
			outputPaths = (
			);
			runOnlyForDeploymentPostprocessing = 0;
			shellPath = /bin/sh;
			shellScript = "./Libs/sourcery --config ./sourcery/tests";
		};
/* End PBXShellScriptBuildPhase section */

/* Begin PBXSourcesBuildPhase section */
		C08300D320D54E86000F51DE /* Sources */ = {
			isa = PBXSourcesBuildPhase;
			buildActionMask = 2147483647;
			files = (
				C02B356621288177009D93E9 /* UserListViewController.swift in Sources */,
				C02B356D2128865A009D93E9 /* URLRequestExtension.swift in Sources */,
				C02B357621289A18009D93E9 /* UserTableViewCell.swift in Sources */,
				C02B356021287A1D009D93E9 /* MainContainer.swift in Sources */,
				C02B356221287FAF009D93E9 /* UsersController.swift in Sources */,
				C08300DB20D54E86000F51DE /* AppDelegate.swift in Sources */,
				C083010220D5520A000F51DE /* LoginView.swift in Sources */,
				C02B356B21288609009D93E9 /* URLSessionExtension.swift in Sources */,
				C02B35812129699C009D93E9 /* UserDetailsViewController.swift in Sources */,
				C02B357D21296510009D93E9 /* SpecificUserController.swift in Sources */,
				C02B357F212967C5009D93E9 /* DependencyInjection.generated.swift in Sources */,
				C083010020D551EA000F51DE /* R.generated.swift in Sources */,
				C02B356421287FDD009D93E9 /* User.swift in Sources */,
				C02B3583212973EC009D93E9 /* UserCardView.swift in Sources */,
			);
			runOnlyForDeploymentPostprocessing = 0;
		};
		C08300E720D54E87000F51DE /* Sources */ = {
			isa = PBXSourcesBuildPhase;
			buildActionMask = 2147483647;
			files = (
				C083010620D558E5000F51DE /* LoginViewTests.swift in Sources */,
				C08300F020D54E87000F51DE /* SourceryTestsTests.swift in Sources */,
				C02B357A2128A2BF009D93E9 /* Mocks.generated.swift in Sources */,
				C083010920D55E06000F51DE /* RNibTests.generated.swift in Sources */,
			);
			runOnlyForDeploymentPostprocessing = 0;
		};
/* End PBXSourcesBuildPhase section */

/* Begin PBXTargetDependency section */
		C08300ED20D54E87000F51DE /* PBXTargetDependency */ = {
			isa = PBXTargetDependency;
			target = C08300D620D54E86000F51DE /* SourceryTests */;
			targetProxy = C08300EC20D54E87000F51DE /* PBXContainerItemProxy */;
		};
/* End PBXTargetDependency section */

/* Begin PBXVariantGroup section */
		C08300DE20D54E86000F51DE /* Main.storyboard */ = {
			isa = PBXVariantGroup;
			children = (
				C08300DF20D54E86000F51DE /* Base */,
			);
			name = Main.storyboard;
			sourceTree = "<group>";
		};
		C08300E320D54E87000F51DE /* LaunchScreen.storyboard */ = {
			isa = PBXVariantGroup;
			children = (
				C08300E420D54E87000F51DE /* Base */,
			);
			name = LaunchScreen.storyboard;
			sourceTree = "<group>";
		};
/* End PBXVariantGroup section */

/* Begin XCBuildConfiguration section */
		C08300F220D54E87000F51DE /* Debug */ = {
			isa = XCBuildConfiguration;
			buildSettings = {
				ALWAYS_SEARCH_USER_PATHS = NO;
				CLANG_ANALYZER_NONNULL = YES;
				CLANG_ANALYZER_NUMBER_OBJECT_CONVERSION = YES_AGGRESSIVE;
				CLANG_CXX_LANGUAGE_STANDARD = "gnu++14";
				CLANG_CXX_LIBRARY = "libc++";
				CLANG_ENABLE_MODULES = YES;
				CLANG_ENABLE_OBJC_ARC = YES;
				CLANG_ENABLE_OBJC_WEAK = YES;
				CLANG_WARN_BLOCK_CAPTURE_AUTORELEASING = YES;
				CLANG_WARN_BOOL_CONVERSION = YES;
				CLANG_WARN_COMMA = YES;
				CLANG_WARN_CONSTANT_CONVERSION = YES;
				CLANG_WARN_DEPRECATED_OBJC_IMPLEMENTATIONS = YES;
				CLANG_WARN_DIRECT_OBJC_ISA_USAGE = YES_ERROR;
				CLANG_WARN_DOCUMENTATION_COMMENTS = YES;
				CLANG_WARN_EMPTY_BODY = YES;
				CLANG_WARN_ENUM_CONVERSION = YES;
				CLANG_WARN_INFINITE_RECURSION = YES;
				CLANG_WARN_INT_CONVERSION = YES;
				CLANG_WARN_NON_LITERAL_NULL_CONVERSION = YES;
				CLANG_WARN_OBJC_IMPLICIT_RETAIN_SELF = YES;
				CLANG_WARN_OBJC_LITERAL_CONVERSION = YES;
				CLANG_WARN_OBJC_ROOT_CLASS = YES_ERROR;
				CLANG_WARN_RANGE_LOOP_ANALYSIS = YES;
				CLANG_WARN_STRICT_PROTOTYPES = YES;
				CLANG_WARN_SUSPICIOUS_MOVE = YES;
				CLANG_WARN_UNGUARDED_AVAILABILITY = YES_AGGRESSIVE;
				CLANG_WARN_UNREACHABLE_CODE = YES;
				CLANG_WARN__DUPLICATE_METHOD_MATCH = YES;
				CODE_SIGN_IDENTITY = "iPhone Developer";
				COPY_PHASE_STRIP = NO;
				DEBUG_INFORMATION_FORMAT = dwarf;
				ENABLE_STRICT_OBJC_MSGSEND = YES;
				ENABLE_TESTABILITY = YES;
				GCC_C_LANGUAGE_STANDARD = gnu11;
				GCC_DYNAMIC_NO_PIC = NO;
				GCC_NO_COMMON_BLOCKS = YES;
				GCC_OPTIMIZATION_LEVEL = 0;
				GCC_PREPROCESSOR_DEFINITIONS = (
					"DEBUG=1",
					"$(inherited)",
				);
				GCC_WARN_64_TO_32_BIT_CONVERSION = YES;
				GCC_WARN_ABOUT_RETURN_TYPE = YES_ERROR;
				GCC_WARN_UNDECLARED_SELECTOR = YES;
				GCC_WARN_UNINITIALIZED_AUTOS = YES_AGGRESSIVE;
				GCC_WARN_UNUSED_FUNCTION = YES;
				GCC_WARN_UNUSED_VARIABLE = YES;
				IPHONEOS_DEPLOYMENT_TARGET = 11.4;
				MTL_ENABLE_DEBUG_INFO = YES;
				ONLY_ACTIVE_ARCH = YES;
				SDKROOT = iphoneos;
				SWIFT_ACTIVE_COMPILATION_CONDITIONS = DEBUG;
				SWIFT_OPTIMIZATION_LEVEL = "-Onone";
			};
			name = Debug;
		};
		C08300F320D54E87000F51DE /* Release */ = {
			isa = XCBuildConfiguration;
			buildSettings = {
				ALWAYS_SEARCH_USER_PATHS = NO;
				CLANG_ANALYZER_NONNULL = YES;
				CLANG_ANALYZER_NUMBER_OBJECT_CONVERSION = YES_AGGRESSIVE;
				CLANG_CXX_LANGUAGE_STANDARD = "gnu++14";
				CLANG_CXX_LIBRARY = "libc++";
				CLANG_ENABLE_MODULES = YES;
				CLANG_ENABLE_OBJC_ARC = YES;
				CLANG_ENABLE_OBJC_WEAK = YES;
				CLANG_WARN_BLOCK_CAPTURE_AUTORELEASING = YES;
				CLANG_WARN_BOOL_CONVERSION = YES;
				CLANG_WARN_COMMA = YES;
				CLANG_WARN_CONSTANT_CONVERSION = YES;
				CLANG_WARN_DEPRECATED_OBJC_IMPLEMENTATIONS = YES;
				CLANG_WARN_DIRECT_OBJC_ISA_USAGE = YES_ERROR;
				CLANG_WARN_DOCUMENTATION_COMMENTS = YES;
				CLANG_WARN_EMPTY_BODY = YES;
				CLANG_WARN_ENUM_CONVERSION = YES;
				CLANG_WARN_INFINITE_RECURSION = YES;
				CLANG_WARN_INT_CONVERSION = YES;
				CLANG_WARN_NON_LITERAL_NULL_CONVERSION = YES;
				CLANG_WARN_OBJC_IMPLICIT_RETAIN_SELF = YES;
				CLANG_WARN_OBJC_LITERAL_CONVERSION = YES;
				CLANG_WARN_OBJC_ROOT_CLASS = YES_ERROR;
				CLANG_WARN_RANGE_LOOP_ANALYSIS = YES;
				CLANG_WARN_STRICT_PROTOTYPES = YES;
				CLANG_WARN_SUSPICIOUS_MOVE = YES;
				CLANG_WARN_UNGUARDED_AVAILABILITY = YES_AGGRESSIVE;
				CLANG_WARN_UNREACHABLE_CODE = YES;
				CLANG_WARN__DUPLICATE_METHOD_MATCH = YES;
				CODE_SIGN_IDENTITY = "iPhone Developer";
				COPY_PHASE_STRIP = NO;
				DEBUG_INFORMATION_FORMAT = "dwarf-with-dsym";
				ENABLE_NS_ASSERTIONS = NO;
				ENABLE_STRICT_OBJC_MSGSEND = YES;
				GCC_C_LANGUAGE_STANDARD = gnu11;
				GCC_NO_COMMON_BLOCKS = YES;
				GCC_WARN_64_TO_32_BIT_CONVERSION = YES;
				GCC_WARN_ABOUT_RETURN_TYPE = YES_ERROR;
				GCC_WARN_UNDECLARED_SELECTOR = YES;
				GCC_WARN_UNINITIALIZED_AUTOS = YES_AGGRESSIVE;
				GCC_WARN_UNUSED_FUNCTION = YES;
				GCC_WARN_UNUSED_VARIABLE = YES;
				IPHONEOS_DEPLOYMENT_TARGET = 11.4;
				MTL_ENABLE_DEBUG_INFO = NO;
				SDKROOT = iphoneos;
				SWIFT_COMPILATION_MODE = wholemodule;
				SWIFT_OPTIMIZATION_LEVEL = "-O";
				VALIDATE_PRODUCT = YES;
			};
			name = Release;
		};
		C08300F520D54E87000F51DE /* Debug */ = {
			isa = XCBuildConfiguration;
			buildSettings = {
				ASSETCATALOG_COMPILER_APPICON_NAME = AppIcon;
				CODE_SIGN_STYLE = Automatic;
				DEVELOPMENT_TEAM = S462JSAM8X;
				FRAMEWORK_SEARCH_PATHS = (
					"$(inherited)",
					"$(PROJECT_DIR)/Carthage/Build/iOS",
				);
				INFOPLIST_FILE = SourceryTests/Info.plist;
				LD_RUNPATH_SEARCH_PATHS = (
					"$(inherited)",
					"@executable_path/Frameworks",
				);
				PRODUCT_BUNDLE_IDENTIFIER = hatcom.SourceryTests;
				PRODUCT_NAME = "$(TARGET_NAME)";
				SWIFT_VERSION = 4.0;
				TARGETED_DEVICE_FAMILY = "1,2";
			};
			name = Debug;
		};
		C08300F620D54E87000F51DE /* Release */ = {
			isa = XCBuildConfiguration;
			buildSettings = {
				ASSETCATALOG_COMPILER_APPICON_NAME = AppIcon;
				CODE_SIGN_STYLE = Automatic;
				DEVELOPMENT_TEAM = S462JSAM8X;
				FRAMEWORK_SEARCH_PATHS = (
					"$(inherited)",
					"$(PROJECT_DIR)/Carthage/Build/iOS",
				);
				INFOPLIST_FILE = SourceryTests/Info.plist;
				LD_RUNPATH_SEARCH_PATHS = (
					"$(inherited)",
					"@executable_path/Frameworks",
				);
				PRODUCT_BUNDLE_IDENTIFIER = hatcom.SourceryTests;
				PRODUCT_NAME = "$(TARGET_NAME)";
				SWIFT_VERSION = 4.0;
				TARGETED_DEVICE_FAMILY = "1,2";
			};
			name = Release;
		};
		C08300F820D54E87000F51DE /* Debug */ = {
			isa = XCBuildConfiguration;
			buildSettings = {
				ALWAYS_EMBED_SWIFT_STANDARD_LIBRARIES = YES;
				BUNDLE_LOADER = "$(TEST_HOST)";
				CODE_SIGN_STYLE = Automatic;
				DEVELOPMENT_TEAM = S462JSAM8X;
				FRAMEWORK_SEARCH_PATHS = (
					"$(inherited)",
					"$(PROJECT_DIR)/Carthage/Build/iOS",
				);
				INFOPLIST_FILE = SourceryTestsTests/Info.plist;
				LD_RUNPATH_SEARCH_PATHS = (
					"$(inherited)",
					"@executable_path/Frameworks",
					"@loader_path/Frameworks",
				);
				PRODUCT_BUNDLE_IDENTIFIER = hatcom.SourceryTestsTests;
				PRODUCT_NAME = "$(TARGET_NAME)";
				SWIFT_VERSION = 4.0;
				TARGETED_DEVICE_FAMILY = "1,2";
				TEST_HOST = "$(BUILT_PRODUCTS_DIR)/SourceryTests.app/SourceryTests";
			};
			name = Debug;
		};
		C08300F920D54E87000F51DE /* Release */ = {
			isa = XCBuildConfiguration;
			buildSettings = {
				ALWAYS_EMBED_SWIFT_STANDARD_LIBRARIES = YES;
				BUNDLE_LOADER = "$(TEST_HOST)";
				CODE_SIGN_STYLE = Automatic;
				DEVELOPMENT_TEAM = S462JSAM8X;
				FRAMEWORK_SEARCH_PATHS = (
					"$(inherited)",
					"$(PROJECT_DIR)/Carthage/Build/iOS",
				);
				INFOPLIST_FILE = SourceryTestsTests/Info.plist;
				LD_RUNPATH_SEARCH_PATHS = (
					"$(inherited)",
					"@executable_path/Frameworks",
					"@loader_path/Frameworks",
				);
				PRODUCT_BUNDLE_IDENTIFIER = hatcom.SourceryTestsTests;
				PRODUCT_NAME = "$(TARGET_NAME)";
				SWIFT_VERSION = 4.0;
				TARGETED_DEVICE_FAMILY = "1,2";
				TEST_HOST = "$(BUILT_PRODUCTS_DIR)/SourceryTests.app/SourceryTests";
			};
			name = Release;
		};
/* End XCBuildConfiguration section */

/* Begin XCConfigurationList section */
		C08300D220D54E86000F51DE /* Build configuration list for PBXProject "SourceryTests" */ = {
			isa = XCConfigurationList;
			buildConfigurations = (
				C08300F220D54E87000F51DE /* Debug */,
				C08300F320D54E87000F51DE /* Release */,
			);
			defaultConfigurationIsVisible = 0;
			defaultConfigurationName = Release;
		};
		C08300F420D54E87000F51DE /* Build configuration list for PBXNativeTarget "SourceryTests" */ = {
			isa = XCConfigurationList;
			buildConfigurations = (
				C08300F520D54E87000F51DE /* Debug */,
				C08300F620D54E87000F51DE /* Release */,
			);
			defaultConfigurationIsVisible = 0;
			defaultConfigurationName = Release;
		};
		C08300F720D54E87000F51DE /* Build configuration list for PBXNativeTarget "SourceryTestsTests" */ = {
			isa = XCConfigurationList;
			buildConfigurations = (
				C08300F820D54E87000F51DE /* Debug */,
				C08300F920D54E87000F51DE /* Release */,
			);
			defaultConfigurationIsVisible = 0;
			defaultConfigurationName = Release;
		};
/* End XCConfigurationList section */
	};
	rootObject = C08300CF20D54E86000F51DE /* Project object */;
}
